
Microsoft Visual Studio Solution File, Format Version 12.00
# Visual Studio Version 17
VisualStudioVersion = 17.9.34728.123
MinimumVisualStudioVersion = 10.0.40219.1
Project("{FAE04EC0-301F-11D3-BF4B-00C04F79EFBC}") = "cw1004", "cw1004\cw1004.csproj", "{146E6850-44C6-44C9-930B-9DAF89DA874F}"
EndProject
Global
	GlobalSection(SolutionConfigurationPlatforms) = preSolution
		Debug|Any CPU = Debug|Any CPU
		Release|Any CPU = Release|Any CPU
	EndGlobalSection
	GlobalSection(ProjectConfigurationPlatforms) = postSolution
		{146E6850-44C6-44C9-930B-9DAF89DA874F}.Debug|Any CPU.ActiveCfg = Debug|Any CPU
		{146E6850-44C6-44C9-930B-9DAF89DA874F}.Debug|Any CPU.Build.0 = Debug|Any CPU
		{146E6850-44C6-44C9-930B-9DAF89DA874F}.Release|Any CPU.ActiveCfg = Release|Any CPU
		{146E6850-44C6-44C9-930B-9DAF89DA874F}.Release|Any CPU.Build.0 = Release|Any CPU
	EndGlobalSection
	GlobalSection(SolutionProperties) = preSolution
		HideSolutionNode = FALSE
	EndGlobalSection
	GlobalSection(ExtensibilityGlobals) = postSolution
		SolutionGuid = {45A01EDA-ECDE-40EF-AD2B-2319C9529969}
	EndGlobalSection
EndGlobal
